
Microsoft Visual Studio Solution File, Format Version 12.00
# Visual Studio Version 17
VisualStudioVersion = 17.3.32929.385
MinimumVisualStudioVersion = 10.0.40219.1
Project("{FAE04EC0-301F-11D3-BF4B-00C04F79EFBC}") = "Esercizio crud accesso diretto al file", "Esercizio crud accesso diretto al file\Esercizio crud accesso diretto al file.csproj", "{959269A0-21C2-456B-BDDE-815381352AF3}"
EndProject
Global
	GlobalSection(SolutionConfigurationPlatforms) = preSolution
		Debug|Any CPU = Debug|Any CPU
		Release|Any CPU = Release|Any CPU
	EndGlobalSection
	GlobalSection(ProjectConfigurationPlatforms) = postSolution
		{959269A0-21C2-456B-BDDE-815381352AF3}.Debug|Any CPU.ActiveCfg = Debug|Any CPU
		{959269A0-21C2-456B-BDDE-815381352AF3}.Debug|Any CPU.Build.0 = Debug|Any CPU
		{959269A0-21C2-456B-BDDE-815381352AF3}.Release|Any CPU.ActiveCfg = Release|Any CPU
		{959269A0-21C2-456B-BDDE-815381352AF3}.Release|Any CPU.Build.0 = Release|Any CPU
	EndGlobalSection
	GlobalSection(SolutionProperties) = preSolution
		HideSolutionNode = FALSE
	EndGlobalSection
	GlobalSection(ExtensibilityGlobals) = postSolution
		SolutionGuid = {897968F7-4F21-43F5-801E-43579101CFD0}
	EndGlobalSection
EndGlobal
